{
  "version": 4,
  "terraform_version": "1.12.2",
  "serial": 6,
  "lineage": "9fccbb1e-9403-42b9-4233-5e1e36e9f04f",
  "outputs": {
    "cluster_name": {
      "value": "eks-2048-game-cluster",
      "type": "string"
    },
    "fargate_profile_game_2048": {
      "value": "eks-2048-game-cluster:game-2048-profile",
      "type": "string"
    },
    "fargate_profile_kube_system": {
      "value": "eks-2048-game-cluster:kube-system-profile",
      "type": "string"
    },
    "region": {
      "value": "us-east-1",
      "type": "string"
    }
  },
  "resources": [
    {
      "mode": "data",
      "type": "terraform_remote_state",
      "name": "eks",
      "provider": "provider[\"terraform.io/builtin/terraform\"]",
      "instances": [
        {
          "schema_version": 0,
          "attributes": {
            "backend": "local",
            "config": {
              "value": {
                "path": "../terraform-states/step2-eks.tfstate"
              },
              "type": [
                "object",
                {
                  "path": "string"
                }
              ]
            },
            "defaults": null,
            "outputs": {
              "value": {
                "cluster_certificate_authority_data": "LS0tLS1CRUdJTiBDRVJUSUZJQ0FURS0tLS0tCk1JSURCVENDQWUyZ0F3SUJBZ0lJUXZRcEJxVVFsRkV3RFFZSktvWklodmNOQVFFTEJRQXdGVEVUTUJFR0ExVUUKQXhNS2EzVmlaWEp1WlhSbGN6QWVGdzB5TlRFd01Ua3hNakkzTlRSYUZ3MHpOVEV3TVRjeE1qTXlOVFJhTUJVeApFekFSQmdOVkJBTVRDbXQxWW1WeWJtVjBaWE13Z2dFaU1BMEdDU3FHU0liM0RRRUJBUVVBQTRJQkR3QXdnZ0VLCkFvSUJBUUMyTXhhR1pKMU9MRURFZXVPdHNxZnh4RFZ3NFBSOERvbU56NWRHQVp5NFcydzhVT3MzM1NSVi9yRS8KRDFWYzhQYmxVamoxV3FIRUZQcnRsT1BkMUsvbVpQSGYyc3QrWERFbUt0YmZ3T2lzMW9tOThkeVhjakdrRmsvbQpPV0xDVzlQT0RPN1dwMjBHdmRvcDdZNldXVVpJMHF2YlpRN1phOUJKOGUyS0RjelZCQ0V4cjQ5azZoNzZVcmZiCnRGMDhwbWdvOTBLRHBFeE5lVGwwb0dsU2ZzY1hkcjBZUUEzdEppUldqUGF2QU01ZjlTakFHWmdLb3pHaGNoYU8KVHJpcXI4bUkxeVVmUEdwZ3B4Q1Irak5FdDZjWTZWTjk2d3BkNFJ6dFE0dWRGeWFBa1Y4WnViU2lnNTJNckpLMwpnSFdvS3dLdHZuOEd2amp6N2tiWlVtTC9ZYlZkQWdNQkFBR2pXVEJYTUE0R0ExVWREd0VCL3dRRUF3SUNwREFQCkJnTlZIUk1CQWY4RUJUQURBUUgvTUIwR0ExVWREZ1FXQkJSS1I0UTZocE05emRqcUFXNi9yMmdodGIwN3NEQVYKQmdOVkhSRUVEakFNZ2dwcmRXSmxjbTVsZEdWek1BMEdDU3FHU0liM0RRRUJDd1VBQTRJQkFRQ09MR0FxdGFINAp5Q08rbkwxYUVzeStIRGxUUmVlaEdTWVhTQ1JHQ2ZoU2l2QVkrWWtTYVRRMmJMWjYzTitJMDVUN0NWeHJBWmhLCms0bC9kbjNUalZlR2F6NjBreG83b1lZbGgxWFcydTNwRTJyMUR5KzJQRTgzeTQ1TXhZYWc2dno2bVFaZENyU2cKeEVWZk1HdVh6OWd2V0JHR2YrUldjQ0IwME1ENkd6NEJIMGRIYm4rUGNMSk9KcFg1cHlRNHBWTW9sMDk0T1haZwpDb0MwTWNxOXFGamdUaDdMSVlld3hGVmNPQS9UZXR0YlVhM3lwWktmQklWRTA1bTNJV1p2MHlFWjhhZ0tybzc2CkdtRDVaVU1aL1UxTG15U2c0T3AwajIybjhRUTFhd25OaXhJSkdZY0piMHFEMkZnUlpOeDZtVzd5cXIrY0ZENnEKSzYwVGtlL0dDMFVrCi0tLS0tRU5EIENFUlRJRklDQVRFLS0tLS0K",
                "cluster_endpoint": "https://4392EB1839BA29A235C9AF3B287756F0.gr7.us-east-1.eks.amazonaws.com",
                "cluster_name": "eks-2048-game-cluster",
                "cluster_security_group_id": "sg-06d537c6d59d93b23",
                "configure_kubectl_command": "aws eks update-kubeconfig --region us-east-1 --name eks-2048-game-cluster",
                "oidc_provider_arn": "arn:aws:iam::886511165402:oidc-provider/oidc.eks.us-east-1.amazonaws.com/id/4392EB1839BA29A235C9AF3B287756F0",
                "oidc_provider_url": "oidc.eks.us-east-1.amazonaws.com/id/4392EB1839BA29A235C9AF3B287756F0",
                "private_subnet_ids": [
                  "subnet-0a61d6b5defbc43ff",
                  "subnet-08e7be148a41334b3"
                ],
                "region": "us-east-1"
              },
              "type": [
                "object",
                {
                  "cluster_certificate_authority_data": "string",
                  "cluster_endpoint": "string",
                  "cluster_name": "string",
                  "cluster_security_group_id": "string",
                  "configure_kubectl_command": "string",
                  "oidc_provider_arn": "string",
                  "oidc_provider_url": "string",
                  "private_subnet_ids": [
                    "tuple",
                    [
                      "string",
                      "string"
                    ]
                  ],
                  "region": "string"
                }
              ]
            },
            "workspace": null
          },
          "sensitive_attributes": [],
          "identity_schema_version": 0
        }
      ]
    },
    {
      "mode": "data",
      "type": "terraform_remote_state",
      "name": "vpc",
      "provider": "provider[\"terraform.io/builtin/terraform\"]",
      "instances": [
        {
          "schema_version": 0,
          "attributes": {
            "backend": "local",
            "config": {
              "value": {
                "path": "../terraform-states/step1-vpc.tfstate"
              },
              "type": [
                "object",
                {
                  "path": "string"
                }
              ]
            },
            "defaults": null,
            "outputs": {
              "value": {
                "availability_zones": [
                  "us-east-1a",
                  "us-east-1b"
                ],
                "cluster_name": "eks-2048-game-cluster",
                "private_subnet_ids": [
                  "subnet-0a61d6b5defbc43ff",
                  "subnet-08e7be148a41334b3"
                ],
                "public_subnet_ids": [
                  "subnet-001d06aaca7b8fe9d",
                  "subnet-0adab48b255a34dc9"
                ],
                "region": "us-east-1",
                "vpc_cidr": "10.0.0.0/16",
                "vpc_id": "vpc-0826fa2a12168ffa4"
              },
              "type": [
                "object",
                {
                  "availability_zones": [
                    "list",
                    "string"
                  ],
                  "cluster_name": "string",
                  "private_subnet_ids": [
                    "tuple",
                    [
                      "string",
                      "string"
                    ]
                  ],
                  "public_subnet_ids": [
                    "tuple",
                    [
                      "string",
                      "string"
                    ]
                  ],
                  "region": "string",
                  "vpc_cidr": "string",
                  "vpc_id": "string"
                }
              ]
            },
            "workspace": null
          },
          "sensitive_attributes": [],
          "identity_schema_version": 0
        }
      ]
    },
    {
      "mode": "managed",
      "type": "aws_eks_fargate_profile",
      "name": "game_2048",
      "provider": "provider[\"registry.terraform.io/hashicorp/aws\"]",
      "instances": [
        {
          "schema_version": 0,
          "attributes": {
            "arn": "arn:aws:eks:us-east-1:886511165402:fargateprofile/eks-2048-game-cluster/game-2048-profile/ecccfe3c-f481-3c12-4ad9-09f72a9459f3",
            "cluster_name": "eks-2048-game-cluster",
            "fargate_profile_name": "game-2048-profile",
            "id": "eks-2048-game-cluster:game-2048-profile",
            "pod_execution_role_arn": "arn:aws:iam::886511165402:role/eks-2048-game-cluster-fargate-pod-execution-role",
            "selector": [
              {
                "labels": null,
                "namespace": "game-2048"
              }
            ],
            "status": "ACTIVE",
            "subnet_ids": [
              "subnet-08e7be148a41334b3",
              "subnet-0a61d6b5defbc43ff"
            ],
            "tags": {
              "Environment": "Development",
              "ManagedBy": "Terraform",
              "Project": "EKS-2048-Game",
              "Step": "3-Fargate-Profiles"
            },
            "tags_all": {
              "Environment": "Development",
              "ManagedBy": "Terraform",
              "Project": "EKS-2048-Game",
              "Step": "3-Fargate-Profiles"
            },
            "timeouts": null
          },
          "sensitive_attributes": [],
          "identity_schema_version": 0,
          "private": "eyJlMmJmYjczMC1lY2FhLTExZTYtOGY4OC0zNDM2M2JjN2M0YzAiOnsiY3JlYXRlIjo2MDAwMDAwMDAwMDAsImRlbGV0ZSI6NjAwMDAwMDAwMDAwfX0=",
          "dependencies": [
            "aws_iam_role.fargate_pod_execution",
            "aws_iam_role_policy_attachment.fargate_pod_execution_policy",
            "data.terraform_remote_state.eks"
          ]
        }
      ]
    },
    {
      "mode": "managed",
      "type": "aws_eks_fargate_profile",
      "name": "kube_system",
      "provider": "provider[\"registry.terraform.io/hashicorp/aws\"]",
      "instances": [
        {
          "schema_version": 0,
          "attributes": {
            "arn": "arn:aws:eks:us-east-1:886511165402:fargateprofile/eks-2048-game-cluster/kube-system-profile/54ccfe3e-5c9e-e1c7-aafa-1c7a0989e18d",
            "cluster_name": "eks-2048-game-cluster",
            "fargate_profile_name": "kube-system-profile",
            "id": "eks-2048-game-cluster:kube-system-profile",
            "pod_execution_role_arn": "arn:aws:iam::886511165402:role/eks-2048-game-cluster-fargate-pod-execution-role",
            "selector": [
              {
                "labels": {
                  "app.kubernetes.io/name": "aws-load-balancer-controller"
                },
                "namespace": "kube-system"
              },
              {
                "labels": {
                  "k8s-app": "kube-dns"
                },
                "namespace": "kube-system"
              }
            ],
            "status": "ACTIVE",
            "subnet_ids": [
              "subnet-08e7be148a41334b3",
              "subnet-0a61d6b5defbc43ff"
            ],
            "tags": {
              "Environment": "Development",
              "ManagedBy": "Terraform",
              "Project": "EKS-2048-Game",
              "Step": "3-Fargate-Profiles"
            },
            "tags_all": {
              "Environment": "Development",
              "ManagedBy": "Terraform",
              "Project": "EKS-2048-Game",
              "Step": "3-Fargate-Profiles"
            },
            "timeouts": null
          },
          "sensitive_attributes": [],
          "identity_schema_version": 0,
          "private": "eyJlMmJmYjczMC1lY2FhLTExZTYtOGY4OC0zNDM2M2JjN2M0YzAiOnsiY3JlYXRlIjo2MDAwMDAwMDAwMDAsImRlbGV0ZSI6NjAwMDAwMDAwMDAwfX0=",
          "dependencies": [
            "aws_iam_role.fargate_pod_execution",
            "aws_iam_role_policy_attachment.fargate_pod_execution_policy",
            "data.terraform_remote_state.eks"
          ]
        }
      ]
    },
    {
      "mode": "managed",
      "type": "aws_iam_role",
      "name": "fargate_pod_execution",
      "provider": "provider[\"registry.terraform.io/hashicorp/aws\"]",
      "instances": [
        {
          "schema_version": 0,
          "attributes": {
            "arn": "arn:aws:iam::886511165402:role/eks-2048-game-cluster-fargate-pod-execution-role",
            "assume_role_policy": "{\"Statement\":[{\"Action\":\"sts:AssumeRole\",\"Effect\":\"Allow\",\"Principal\":{\"Service\":\"eks-fargate-pods.amazonaws.com\"}}],\"Version\":\"2012-10-17\"}",
            "create_date": "2025-10-19T12:37:43Z",
            "description": "",
            "force_detach_policies": false,
            "id": "eks-2048-game-cluster-fargate-pod-execution-role",
            "inline_policy": [],
            "managed_policy_arns": [],
            "max_session_duration": 3600,
            "name": "eks-2048-game-cluster-fargate-pod-execution-role",
            "name_prefix": "",
            "path": "/",
            "permissions_boundary": "",
            "tags": {
              "Environment": "Development",
              "ManagedBy": "Terraform",
              "Project": "EKS-2048-Game",
              "Step": "3-Fargate-Profiles"
            },
            "tags_all": {
              "Environment": "Development",
              "ManagedBy": "Terraform",
              "Project": "EKS-2048-Game",
              "Step": "3-Fargate-Profiles"
            },
            "unique_id": "AROA442BO37NBOVFWANQW"
          },
          "sensitive_attributes": [],
          "identity_schema_version": 0,
          "private": "bnVsbA==",
          "dependencies": [
            "data.terraform_remote_state.eks"
          ]
        }
      ]
    },
    {
      "mode": "managed",
      "type": "aws_iam_role_policy_attachment",
      "name": "fargate_pod_execution_policy",
      "provider": "provider[\"registry.terraform.io/hashicorp/aws\"]",
      "instances": [
        {
          "schema_version": 0,
          "attributes": {
            "id": "eks-2048-game-cluster-fargate-pod-execution-role-20251019123746082300000001",
            "policy_arn": "arn:aws:iam::aws:policy/AmazonEKSFargatePodExecutionRolePolicy",
            "role": "eks-2048-game-cluster-fargate-pod-execution-role"
          },
          "sensitive_attributes": [],
          "identity_schema_version": 0,
          "private": "bnVsbA==",
          "dependencies": [
            "aws_iam_role.fargate_pod_execution",
            "data.terraform_remote_state.eks"
          ]
        }
      ]
    },
    {
      "mode": "managed",
      "type": "null_resource",
      "name": "patch_coredns",
      "provider": "provider[\"registry.terraform.io/hashicorp/null\"]",
      "instances": [
        {
          "schema_version": 0,
          "attributes": {
            "id": "1964067655593933095",
            "triggers": null
          },
          "sensitive_attributes": [],
          "identity_schema_version": 0,
          "dependencies": [
            "aws_eks_fargate_profile.kube_system",
            "aws_iam_role.fargate_pod_execution",
            "aws_iam_role_policy_attachment.fargate_pod_execution_policy",
            "data.terraform_remote_state.eks"
          ]
        }
      ]
    }
  ],
  "check_results": null
}
